// !$*UTF8*$!
{
	archiveVersion = 1;
	classes = {
	};
	objectVersion = 50;
	objects = {

/* Begin PBXBuildFile section */
		3680B2592548B95300E15EF2 /* test.xib in Resources */ = {isa = PBXBuildFile; fileRef = 3680B2582548B95300E15EF2 /* test.xib */; };
		3680B25D2548BBED00E15EF2 /* snippets.rtf in Resources */ = {isa = PBXBuildFile; fileRef = 3680B25C2548BBED00E15EF2 /* snippets.rtf */; };
		3F2671752548AF4E00A4DD92 /* ReadingViewController.swift in Sources */ = {isa = PBXBuildFile; fileRef = 3F2671742548AF4E00A4DD92 /* ReadingViewController.swift */; };
		3F2671782548AF8C00A4DD92 /* SettingViewController.swift in Sources */ = {isa = PBXBuildFile; fileRef = 3F2671772548AF8C00A4DD92 /* SettingViewController.swift */; };
		3F26717B2548AFA100A4DD92 /* SentViewController.swift in Sources */ = {isa = PBXBuildFile; fileRef = 3F26717A2548AFA100A4DD92 /* SentViewController.swift */; };
		3F26717E2548AFC200A4DD92 /* ComposingViewController.swift in Sources */ = {isa = PBXBuildFile; fileRef = 3F26717D2548AFC200A4DD92 /* ComposingViewController.swift */; };
		3F26718C2548B1A300A4DD92 /* HomeViewController.swift in Sources */ = {isa = PBXBuildFile; fileRef = 3F26718B2548B1A300A4DD92 /* HomeViewController.swift */; };
		3F565740253E3673002E5031 /* AppDelegate.swift in Sources */ = {isa = PBXBuildFile; fileRef = 3F56573F253E3673002E5031 /* AppDelegate.swift */; };
		3F565742253E3673002E5031 /* SceneDelegate.swift in Sources */ = {isa = PBXBuildFile; fileRef = 3F565741253E3673002E5031 /* SceneDelegate.swift */; };
		3F565744253E3673002E5031 /* MainViewController.swift in Sources */ = {isa = PBXBuildFile; fileRef = 3F565743253E3673002E5031 /* MainViewController.swift */; };
		3F565747253E3673002E5031 /* Main.storyboard in Resources */ = {isa = PBXBuildFile; fileRef = 3F565745253E3673002E5031 /* Main.storyboard */; };
		3F565749253E3677002E5031 /* Assets.xcassets in Resources */ = {isa = PBXBuildFile; fileRef = 3F565748253E3677002E5031 /* Assets.xcassets */; };
		3F56574C253E3677002E5031 /* LaunchScreen.storyboard in Resources */ = {isa = PBXBuildFile; fileRef = 3F56574A253E3677002E5031 /* LaunchScreen.storyboard */; };
		3F8D295D2549BCD900434B99 /* TableViewCell.swift in Sources */ = {isa = PBXBuildFile; fileRef = 3F8D295B2549BCD900434B99 /* TableViewCell.swift */; };
		3F8D295E2549BCD900434B99 /* TableViewCell.xib in Resources */ = {isa = PBXBuildFile; fileRef = 3F8D295C2549BCD900434B99 /* TableViewCell.xib */; };

		99E2A0124453E8B9EEF85AEE /* Pods_iosMail.framework in Frameworks */ = {isa = PBXBuildFile; fileRef = B54D0D0EBDF77B058882083A /* Pods_iosMail.framework */; };

		52AA9A812550AA4C005E1132 /* Itim-Regular.ttf in Resources */ = {isa = PBXBuildFile; fileRef = 52AA9A802550AA4C005E1132 /* Itim-Regular.ttf */; };

/* End PBXBuildFile section */

/* Begin PBXFileReference section */
		3680B2582548B95300E15EF2 /* test.xib */ = {isa = PBXFileReference; lastKnownFileType = file.xib; path = test.xib; sourceTree = "<group>"; };
		3680B25C2548BBED00E15EF2 /* snippets.rtf */ = {isa = PBXFileReference; lastKnownFileType = text.rtf; path = snippets.rtf; sourceTree = "<group>"; };
		3F2671742548AF4E00A4DD92 /* ReadingViewController.swift */ = {isa = PBXFileReference; lastKnownFileType = sourcecode.swift; path = ReadingViewController.swift; sourceTree = "<group>"; };
		3F2671772548AF8C00A4DD92 /* SettingViewController.swift */ = {isa = PBXFileReference; lastKnownFileType = sourcecode.swift; path = SettingViewController.swift; sourceTree = "<group>"; };
		3F26717A2548AFA100A4DD92 /* SentViewController.swift */ = {isa = PBXFileReference; lastKnownFileType = sourcecode.swift; path = SentViewController.swift; sourceTree = "<group>"; };
		3F26717D2548AFC200A4DD92 /* ComposingViewController.swift */ = {isa = PBXFileReference; lastKnownFileType = sourcecode.swift; path = ComposingViewController.swift; sourceTree = "<group>"; };
		3F26718B2548B1A300A4DD92 /* HomeViewController.swift */ = {isa = PBXFileReference; lastKnownFileType = sourcecode.swift; path = HomeViewController.swift; sourceTree = "<group>"; };
		3F56573C253E3673002E5031 /* iosMail.app */ = {isa = PBXFileReference; explicitFileType = wrapper.application; includeInIndex = 0; path = iosMail.app; sourceTree = BUILT_PRODUCTS_DIR; };
		3F56573F253E3673002E5031 /* AppDelegate.swift */ = {isa = PBXFileReference; lastKnownFileType = sourcecode.swift; path = AppDelegate.swift; sourceTree = "<group>"; };
		3F565741253E3673002E5031 /* SceneDelegate.swift */ = {isa = PBXFileReference; lastKnownFileType = sourcecode.swift; path = SceneDelegate.swift; sourceTree = "<group>"; };
		3F565743253E3673002E5031 /* MainViewController.swift */ = {isa = PBXFileReference; lastKnownFileType = sourcecode.swift; path = MainViewController.swift; sourceTree = "<group>"; };
		3F565746253E3673002E5031 /* Base */ = {isa = PBXFileReference; lastKnownFileType = file.storyboard; name = Base; path = Base.lproj/Main.storyboard; sourceTree = "<group>"; };
		3F565748253E3677002E5031 /* Assets.xcassets */ = {isa = PBXFileReference; lastKnownFileType = folder.assetcatalog; path = Assets.xcassets; sourceTree = "<group>"; };
		3F56574B253E3677002E5031 /* Base */ = {isa = PBXFileReference; lastKnownFileType = file.storyboard; name = Base; path = Base.lproj/LaunchScreen.storyboard; sourceTree = "<group>"; };
		3F56574D253E3677002E5031 /* Info.plist */ = {isa = PBXFileReference; lastKnownFileType = text.plist.xml; path = Info.plist; sourceTree = "<group>"; };
		3F8D295B2549BCD900434B99 /* TableViewCell.swift */ = {isa = PBXFileReference; lastKnownFileType = sourcecode.swift; path = TableViewCell.swift; sourceTree = "<group>"; };
		3F8D295C2549BCD900434B99 /* TableViewCell.xib */ = {isa = PBXFileReference; lastKnownFileType = file.xib; path = TableViewCell.xib; sourceTree = "<group>"; };

		627E42EDB3DE2D42A7574D6E /* Pods-iosMail.release.xcconfig */ = {isa = PBXFileReference; includeInIndex = 1; lastKnownFileType = text.xcconfig; name = "Pods-iosMail.release.xcconfig"; path = "Target Support Files/Pods-iosMail/Pods-iosMail.release.xcconfig"; sourceTree = "<group>"; };
		B54D0D0EBDF77B058882083A /* Pods_iosMail.framework */ = {isa = PBXFileReference; explicitFileType = wrapper.framework; includeInIndex = 0; path = Pods_iosMail.framework; sourceTree = BUILT_PRODUCTS_DIR; };
		EA347E5E66FA89DC9AB3BFC4 /* Pods-iosMail.debug.xcconfig */ = {isa = PBXFileReference; includeInIndex = 1; lastKnownFileType = text.xcconfig; name = "Pods-iosMail.debug.xcconfig"; path = "Target Support Files/Pods-iosMail/Pods-iosMail.debug.xcconfig"; sourceTree = "<group>"; };

		52AA9A802550AA4C005E1132 /* Itim-Regular.ttf */ = {isa = PBXFileReference; lastKnownFileType = file; path = "Itim-Regular.ttf"; sourceTree = "<group>"; };

/* End PBXFileReference section */

/* Begin PBXFrameworksBuildPhase section */
		3F565739253E3673002E5031 /* Frameworks */ = {
			isa = PBXFrameworksBuildPhase;
			buildActionMask = 2147483647;
			files = (
				99E2A0124453E8B9EEF85AEE /* Pods_iosMail.framework in Frameworks */,
			);
			runOnlyForDeploymentPostprocessing = 0;
		};
/* End PBXFrameworksBuildPhase section */

/* Begin PBXGroup section */
		3680B25B2548BBC400E15EF2 /* Daves Extra Code Snippets */ = {
			isa = PBXGroup;
			children = (
				3680B25C2548BBED00E15EF2 /* snippets.rtf */,
			);
			path = "Daves Extra Code Snippets";
			sourceTree = "<group>";
		};
		3F2671732548AF2400A4DD92 /* Controllers */ = {
			isa = PBXGroup;
			children = (
				3F565743253E3673002E5031 /* MainViewController.swift */,
				3F2671742548AF4E00A4DD92 /* ReadingViewController.swift */,
				3F2671772548AF8C00A4DD92 /* SettingViewController.swift */,
				3F26717A2548AFA100A4DD92 /* SentViewController.swift */,
				3F26717D2548AFC200A4DD92 /* ComposingViewController.swift */,
				3F26718B2548B1A300A4DD92 /* HomeViewController.swift */,
			);
			path = Controllers;
			sourceTree = "<group>";
		};
		3F565733253E3673002E5031 = {
			isa = PBXGroup;
			children = (
				3680B25B2548BBC400E15EF2 /* Daves Extra Code Snippets */,
				3F56573E253E3673002E5031 /* IOSMail */,
				3F56573D253E3673002E5031 /* Products */,
				984CCDB28A6B2E0702058A1A /* Pods */,
				8591BED23D9F72E0B2CE56C0 /* Frameworks */,
			);
			sourceTree = "<group>";
		};
		3F56573D253E3673002E5031 /* Products */ = {
			isa = PBXGroup;
			children = (
				3F56573C253E3673002E5031 /* iosMail.app */,
			);
			name = Products;
			sourceTree = "<group>";
		};
		3F56573E253E3673002E5031 /* IOSMail */ = {
			isa = PBXGroup;
			children = (
				52AA9A7F2550AA2C005E1132 /* Fonts */,
				3F8D295A2549BC8800434B99 /* View */,
				3F2671732548AF2400A4DD92 /* Controllers */,
				3F56573F253E3673002E5031 /* AppDelegate.swift */,
				3F565741253E3673002E5031 /* SceneDelegate.swift */,
				3F565745253E3673002E5031 /* Main.storyboard */,
				3F565748253E3677002E5031 /* Assets.xcassets */,
				3F56574A253E3677002E5031 /* LaunchScreen.storyboard */,
				3F56574D253E3677002E5031 /* Info.plist */,
				3680B2582548B95300E15EF2 /* test.xib */,
			);
			path = IOSMail;
			sourceTree = "<group>";
		};
		3F8D295A2549BC8800434B99 /* View */ = {
			isa = PBXGroup;
			children = (
				3F8D295B2549BCD900434B99 /* TableViewCell.swift */,
				3F8D295C2549BCD900434B99 /* TableViewCell.xib */,
			);
			path = View;
			sourceTree = "<group>";
		};

		8591BED23D9F72E0B2CE56C0 /* Frameworks */ = {
			isa = PBXGroup;
			children = (
				B54D0D0EBDF77B058882083A /* Pods_iosMail.framework */,
			);
			name = Frameworks;
			sourceTree = "<group>";
		};
		984CCDB28A6B2E0702058A1A /* Pods */ = {
			isa = PBXGroup;
			children = (
				EA347E5E66FA89DC9AB3BFC4 /* Pods-iosMail.debug.xcconfig */,
				627E42EDB3DE2D42A7574D6E /* Pods-iosMail.release.xcconfig */,
			);
			name = Pods;
			path = Pods;

		52AA9A7F2550AA2C005E1132 /* Fonts */ = {
			isa = PBXGroup;
			children = (
				52AA9A802550AA4C005E1132 /* Itim-Regular.ttf */,
			);
			path = Fonts;

			sourceTree = "<group>";
		};
/* End PBXGroup section */

/* Begin PBXNativeTarget section */
		3F56573B253E3673002E5031 /* iosMail */ = {
			isa = PBXNativeTarget;
			buildConfigurationList = 3F565750253E3677002E5031 /* Build configuration list for PBXNativeTarget "iosMail" */;
			buildPhases = (
				28EC2712B809DE0CFCDF2E02 /* [CP] Check Pods Manifest.lock */,
				3F565738253E3673002E5031 /* Sources */,
				3F565739253E3673002E5031 /* Frameworks */,
				3F56573A253E3673002E5031 /* Resources */,
				3B2B1F6BC848D1BFD90A8047 /* [CP] Embed Pods Frameworks */,
			);
			buildRules = (
			);
			dependencies = (
			);
			name = iosMail;
			productName = IOSMail;
			productReference = 3F56573C253E3673002E5031 /* iosMail.app */;
			productType = "com.apple.product-type.application";
		};
/* End PBXNativeTarget section */

/* Begin PBXProject section */
		3F565734253E3673002E5031 /* Project object */ = {
			isa = PBXProject;
			attributes = {
				LastSwiftUpdateCheck = 1200;
				LastUpgradeCheck = 1200;
				TargetAttributes = {
					3F56573B253E3673002E5031 = {
						CreatedOnToolsVersion = 12.0.1;
					};
				};
			};
			buildConfigurationList = 3F565737253E3673002E5031 /* Build configuration list for PBXProject "IOSMail" */;
			compatibilityVersion = "Xcode 9.3";
			developmentRegion = en;
			hasScannedForEncodings = 0;
			knownRegions = (
				en,
				Base,
			);
			mainGroup = 3F565733253E3673002E5031;
			productRefGroup = 3F56573D253E3673002E5031 /* Products */;
			projectDirPath = "";
			projectRoot = "";
			targets = (
				3F56573B253E3673002E5031 /* iosMail */,
			);
		};
/* End PBXProject section */

/* Begin PBXResourcesBuildPhase section */
		3F56573A253E3673002E5031 /* Resources */ = {
			isa = PBXResourcesBuildPhase;
			buildActionMask = 2147483647;
			files = (
				3680B25D2548BBED00E15EF2 /* snippets.rtf in Resources */,
				3F8D295E2549BCD900434B99 /* TableViewCell.xib in Resources */,
				3F56574C253E3677002E5031 /* LaunchScreen.storyboard in Resources */,
				3680B2592548B95300E15EF2 /* test.xib in Resources */,
				3F565749253E3677002E5031 /* Assets.xcassets in Resources */,
				52AA9A812550AA4C005E1132 /* Itim-Regular.ttf in Resources */,
				3F565747253E3673002E5031 /* Main.storyboard in Resources */,
			);
			runOnlyForDeploymentPostprocessing = 0;
		};
/* End PBXResourcesBuildPhase section */

/* Begin PBXShellScriptBuildPhase section */
		28EC2712B809DE0CFCDF2E02 /* [CP] Check Pods Manifest.lock */ = {
			isa = PBXShellScriptBuildPhase;
			buildActionMask = 2147483647;
			files = (
			);
			inputFileListPaths = (
			);
			inputPaths = (
				"${PODS_PODFILE_DIR_PATH}/Podfile.lock",
				"${PODS_ROOT}/Manifest.lock",
			);
			name = "[CP] Check Pods Manifest.lock";
			outputFileListPaths = (
			);
			outputPaths = (
				"$(DERIVED_FILE_DIR)/Pods-iosMail-checkManifestLockResult.txt",
			);
			runOnlyForDeploymentPostprocessing = 0;
			shellPath = /bin/sh;
			shellScript = "diff \"${PODS_PODFILE_DIR_PATH}/Podfile.lock\" \"${PODS_ROOT}/Manifest.lock\" > /dev/null\nif [ $? != 0 ] ; then\n    # print error to STDERR\n    echo \"error: The sandbox is not in sync with the Podfile.lock. Run 'pod install' or update your CocoaPods installation.\" >&2\n    exit 1\nfi\n# This output is used by Xcode 'outputs' to avoid re-running this script phase.\necho \"SUCCESS\" > \"${SCRIPT_OUTPUT_FILE_0}\"\n";
			showEnvVarsInLog = 0;
		};
		3B2B1F6BC848D1BFD90A8047 /* [CP] Embed Pods Frameworks */ = {
			isa = PBXShellScriptBuildPhase;
			buildActionMask = 2147483647;
			files = (
			);
			inputFileListPaths = (
				"${PODS_ROOT}/Target Support Files/Pods-iosMail/Pods-iosMail-frameworks-${CONFIGURATION}-input-files.xcfilelist",
			);
			name = "[CP] Embed Pods Frameworks";
			outputFileListPaths = (
				"${PODS_ROOT}/Target Support Files/Pods-iosMail/Pods-iosMail-frameworks-${CONFIGURATION}-output-files.xcfilelist",
			);
			runOnlyForDeploymentPostprocessing = 0;
			shellPath = /bin/sh;
			shellScript = "\"${PODS_ROOT}/Target Support Files/Pods-iosMail/Pods-iosMail-frameworks.sh\"\n";
			showEnvVarsInLog = 0;
		};
/* End PBXShellScriptBuildPhase section */

/* Begin PBXSourcesBuildPhase section */
		3F565738253E3673002E5031 /* Sources */ = {
			isa = PBXSourcesBuildPhase;
			buildActionMask = 2147483647;
			files = (
				3F565744253E3673002E5031 /* MainViewController.swift in Sources */,
				3F565740253E3673002E5031 /* AppDelegate.swift in Sources */,
				3F2671752548AF4E00A4DD92 /* ReadingViewController.swift in Sources */,
				3F8D295D2549BCD900434B99 /* TableViewCell.swift in Sources */,
				3F26718C2548B1A300A4DD92 /* HomeViewController.swift in Sources */,
				3F565742253E3673002E5031 /* SceneDelegate.swift in Sources */,
				3F2671782548AF8C00A4DD92 /* SettingViewController.swift in Sources */,
				3F26717E2548AFC200A4DD92 /* ComposingViewController.swift in Sources */,
				3F26717B2548AFA100A4DD92 /* SentViewController.swift in Sources */,
			);
			runOnlyForDeploymentPostprocessing = 0;
		};
/* End PBXSourcesBuildPhase section */

/* Begin PBXVariantGroup section */
		3F565745253E3673002E5031 /* Main.storyboard */ = {
			isa = PBXVariantGroup;
			children = (
				3F565746253E3673002E5031 /* Base */,
			);
			name = Main.storyboard;
			sourceTree = "<group>";
		};
		3F56574A253E3677002E5031 /* LaunchScreen.storyboard */ = {
			isa = PBXVariantGroup;
			children = (
				3F56574B253E3677002E5031 /* Base */,
			);
			name = LaunchScreen.storyboard;
			sourceTree = "<group>";
		};
/* End PBXVariantGroup section */

/* Begin XCBuildConfiguration section */
		3F56574E253E3677002E5031 /* Debug */ = {
			isa = XCBuildConfiguration;
			buildSettings = {
				ALWAYS_SEARCH_USER_PATHS = NO;
				CLANG_ANALYZER_NONNULL = YES;
				CLANG_ANALYZER_NUMBER_OBJECT_CONVERSION = YES_AGGRESSIVE;
				CLANG_CXX_LANGUAGE_STANDARD = "gnu++14";
				CLANG_CXX_LIBRARY = "libc++";
				CLANG_ENABLE_MODULES = YES;
				CLANG_ENABLE_OBJC_ARC = YES;
				CLANG_ENABLE_OBJC_WEAK = YES;
				CLANG_WARN_BLOCK_CAPTURE_AUTORELEASING = YES;
				CLANG_WARN_BOOL_CONVERSION = YES;
				CLANG_WARN_COMMA = YES;
				CLANG_WARN_CONSTANT_CONVERSION = YES;
				CLANG_WARN_DEPRECATED_OBJC_IMPLEMENTATIONS = YES;
				CLANG_WARN_DIRECT_OBJC_ISA_USAGE = YES_ERROR;
				CLANG_WARN_DOCUMENTATION_COMMENTS = YES;
				CLANG_WARN_EMPTY_BODY = YES;
				CLANG_WARN_ENUM_CONVERSION = YES;
				CLANG_WARN_INFINITE_RECURSION = YES;
				CLANG_WARN_INT_CONVERSION = YES;
				CLANG_WARN_NON_LITERAL_NULL_CONVERSION = YES;
				CLANG_WARN_OBJC_IMPLICIT_RETAIN_SELF = YES;
				CLANG_WARN_OBJC_LITERAL_CONVERSION = YES;
				CLANG_WARN_OBJC_ROOT_CLASS = YES_ERROR;
				CLANG_WARN_QUOTED_INCLUDE_IN_FRAMEWORK_HEADER = YES;
				CLANG_WARN_RANGE_LOOP_ANALYSIS = YES;
				CLANG_WARN_STRICT_PROTOTYPES = YES;
				CLANG_WARN_SUSPICIOUS_MOVE = YES;
				CLANG_WARN_UNGUARDED_AVAILABILITY = YES_AGGRESSIVE;
				CLANG_WARN_UNREACHABLE_CODE = YES;
				CLANG_WARN__DUPLICATE_METHOD_MATCH = YES;
				COPY_PHASE_STRIP = NO;
				DEBUG_INFORMATION_FORMAT = dwarf;
				ENABLE_STRICT_OBJC_MSGSEND = YES;
				ENABLE_TESTABILITY = YES;
				GCC_C_LANGUAGE_STANDARD = gnu11;
				GCC_DYNAMIC_NO_PIC = NO;
				GCC_NO_COMMON_BLOCKS = YES;
				GCC_OPTIMIZATION_LEVEL = 0;
				GCC_PREPROCESSOR_DEFINITIONS = (
					"DEBUG=1",
					"$(inherited)",
				);
				GCC_WARN_64_TO_32_BIT_CONVERSION = YES;
				GCC_WARN_ABOUT_RETURN_TYPE = YES_ERROR;
				GCC_WARN_UNDECLARED_SELECTOR = YES;
				GCC_WARN_UNINITIALIZED_AUTOS = YES_AGGRESSIVE;
				GCC_WARN_UNUSED_FUNCTION = YES;
				GCC_WARN_UNUSED_VARIABLE = YES;
				IPHONEOS_DEPLOYMENT_TARGET = 14.0;
				MTL_ENABLE_DEBUG_INFO = INCLUDE_SOURCE;
				MTL_FAST_MATH = YES;
				ONLY_ACTIVE_ARCH = YES;
				SDKROOT = iphoneos;
				SWIFT_ACTIVE_COMPILATION_CONDITIONS = DEBUG;
				SWIFT_OPTIMIZATION_LEVEL = "-Onone";
			};
			name = Debug;
		};
		3F56574F253E3677002E5031 /* Release */ = {
			isa = XCBuildConfiguration;
			buildSettings = {
				ALWAYS_SEARCH_USER_PATHS = NO;
				CLANG_ANALYZER_NONNULL = YES;
				CLANG_ANALYZER_NUMBER_OBJECT_CONVERSION = YES_AGGRESSIVE;
				CLANG_CXX_LANGUAGE_STANDARD = "gnu++14";
				CLANG_CXX_LIBRARY = "libc++";
				CLANG_ENABLE_MODULES = YES;
				CLANG_ENABLE_OBJC_ARC = YES;
				CLANG_ENABLE_OBJC_WEAK = YES;
				CLANG_WARN_BLOCK_CAPTURE_AUTORELEASING = YES;
				CLANG_WARN_BOOL_CONVERSION = YES;
				CLANG_WARN_COMMA = YES;
				CLANG_WARN_CONSTANT_CONVERSION = YES;
				CLANG_WARN_DEPRECATED_OBJC_IMPLEMENTATIONS = YES;
				CLANG_WARN_DIRECT_OBJC_ISA_USAGE = YES_ERROR;
				CLANG_WARN_DOCUMENTATION_COMMENTS = YES;
				CLANG_WARN_EMPTY_BODY = YES;
				CLANG_WARN_ENUM_CONVERSION = YES;
				CLANG_WARN_INFINITE_RECURSION = YES;
				CLANG_WARN_INT_CONVERSION = YES;
				CLANG_WARN_NON_LITERAL_NULL_CONVERSION = YES;
				CLANG_WARN_OBJC_IMPLICIT_RETAIN_SELF = YES;
				CLANG_WARN_OBJC_LITERAL_CONVERSION = YES;
				CLANG_WARN_OBJC_ROOT_CLASS = YES_ERROR;
				CLANG_WARN_QUOTED_INCLUDE_IN_FRAMEWORK_HEADER = YES;
				CLANG_WARN_RANGE_LOOP_ANALYSIS = YES;
				CLANG_WARN_STRICT_PROTOTYPES = YES;
				CLANG_WARN_SUSPICIOUS_MOVE = YES;
				CLANG_WARN_UNGUARDED_AVAILABILITY = YES_AGGRESSIVE;
				CLANG_WARN_UNREACHABLE_CODE = YES;
				CLANG_WARN__DUPLICATE_METHOD_MATCH = YES;
				COPY_PHASE_STRIP = NO;
				DEBUG_INFORMATION_FORMAT = "dwarf-with-dsym";
				ENABLE_NS_ASSERTIONS = NO;
				ENABLE_STRICT_OBJC_MSGSEND = YES;
				GCC_C_LANGUAGE_STANDARD = gnu11;
				GCC_NO_COMMON_BLOCKS = YES;
				GCC_WARN_64_TO_32_BIT_CONVERSION = YES;
				GCC_WARN_ABOUT_RETURN_TYPE = YES_ERROR;
				GCC_WARN_UNDECLARED_SELECTOR = YES;
				GCC_WARN_UNINITIALIZED_AUTOS = YES_AGGRESSIVE;
				GCC_WARN_UNUSED_FUNCTION = YES;
				GCC_WARN_UNUSED_VARIABLE = YES;
				IPHONEOS_DEPLOYMENT_TARGET = 14.0;
				MTL_ENABLE_DEBUG_INFO = NO;
				MTL_FAST_MATH = YES;
				SDKROOT = iphoneos;
				SWIFT_COMPILATION_MODE = wholemodule;
				SWIFT_OPTIMIZATION_LEVEL = "-O";
				VALIDATE_PRODUCT = YES;
			};
			name = Release;
		};
		3F565751253E3677002E5031 /* Debug */ = {
			isa = XCBuildConfiguration;
			baseConfigurationReference = EA347E5E66FA89DC9AB3BFC4 /* Pods-iosMail.debug.xcconfig */;
			buildSettings = {
				ASSETCATALOG_COMPILER_APPICON_NAME = AppIcon;
				ASSETCATALOG_COMPILER_GLOBAL_ACCENT_COLOR_NAME = AccentColor;
				CODE_SIGN_IDENTITY = "Apple Development";
				CODE_SIGN_STYLE = Automatic;
				DEVELOPMENT_TEAM = M444U6V5CQ;
				INFOPLIST_FILE = IOSMail/Info.plist;
				LD_RUNPATH_SEARCH_PATHS = (
					"$(inherited)",
					"@executable_path/Frameworks",
				);
				PRODUCT_BUNDLE_IDENTIFIER = com.iiconsulttech.iossmail;
				PRODUCT_NAME = "$(TARGET_NAME)";
				PROVISIONING_PROFILE_SPECIFIER = "";
				SWIFT_VERSION = 5.0;
				TARGETED_DEVICE_FAMILY = "1,2";
			};
			name = Debug;
		};
		3F565752253E3677002E5031 /* Release */ = {
			isa = XCBuildConfiguration;
			baseConfigurationReference = 627E42EDB3DE2D42A7574D6E /* Pods-iosMail.release.xcconfig */;
			buildSettings = {
				ASSETCATALOG_COMPILER_APPICON_NAME = AppIcon;
				ASSETCATALOG_COMPILER_GLOBAL_ACCENT_COLOR_NAME = AccentColor;
				CODE_SIGN_IDENTITY = "Apple Development";
				CODE_SIGN_STYLE = Automatic;
				DEVELOPMENT_TEAM = M444U6V5CQ;
				INFOPLIST_FILE = IOSMail/Info.plist;
				LD_RUNPATH_SEARCH_PATHS = (
					"$(inherited)",
					"@executable_path/Frameworks",
				);
				PRODUCT_BUNDLE_IDENTIFIER = com.iiconsulttech.iossmail;
				PRODUCT_NAME = "$(TARGET_NAME)";
				PROVISIONING_PROFILE_SPECIFIER = "";
				SWIFT_VERSION = 5.0;
				TARGETED_DEVICE_FAMILY = "1,2";
			};
			name = Release;
		};
/* End XCBuildConfiguration section */

/* Begin XCConfigurationList section */
		3F565737253E3673002E5031 /* Build configuration list for PBXProject "IOSMail" */ = {
			isa = XCConfigurationList;
			buildConfigurations = (
				3F56574E253E3677002E5031 /* Debug */,
				3F56574F253E3677002E5031 /* Release */,
			);
			defaultConfigurationIsVisible = 0;
			defaultConfigurationName = Release;
		};
		3F565750253E3677002E5031 /* Build configuration list for PBXNativeTarget "iosMail" */ = {
			isa = XCConfigurationList;
			buildConfigurations = (
				3F565751253E3677002E5031 /* Debug */,
				3F565752253E3677002E5031 /* Release */,
			);
			defaultConfigurationIsVisible = 0;
			defaultConfigurationName = Release;
		};
/* End XCConfigurationList section */
	};
	rootObject = 3F565734253E3673002E5031 /* Project object */;
}
